
Microsoft Visual Studio Solution File, Format Version 12.00
# Visual Studio Version 17
VisualStudioVersion = 17.9.34714.143
MinimumVisualStudioVersion = 10.0.40219.1
Project("{9A19103F-16F7-4668-BE54-9A1E7A4F7556}") = "ShoesShop", "ShoesShop\ShoesShop.csproj", "{3C82C0DF-ADA4-42B3-9801-DB1F38104458}"
EndProject
Project("{9A19103F-16F7-4668-BE54-9A1E7A4F7556}") = "ShoesShop.DAL", "ShoesShop.DAL\ShoesShop.DAL.csproj", "{29A98051-9D0D-43F4-9ECC-443DF13D7E57}"
EndProject
Project("{FAE04EC0-301F-11D3-BF4B-00C04F79EFBC}") = "ShoesShop.BUS", "ShoesShop.BUS\ShoesShop.BUS.csproj", "{0ABAA1C7-2AB6-4DA4-9EAC-CD7DD109DB5B}"
EndProject
Global
	GlobalSection(SolutionConfigurationPlatforms) = preSolution
		Debug|Any CPU = Debug|Any CPU
		Release|Any CPU = Release|Any CPU
	EndGlobalSection
	GlobalSection(ProjectConfigurationPlatforms) = postSolution
		{3C82C0DF-ADA4-42B3-9801-DB1F38104458}.Debug|Any CPU.ActiveCfg = Debug|Any CPU
		{3C82C0DF-ADA4-42B3-9801-DB1F38104458}.Debug|Any CPU.Build.0 = Debug|Any CPU
		{3C82C0DF-ADA4-42B3-9801-DB1F38104458}.Release|Any CPU.ActiveCfg = Release|Any CPU
		{3C82C0DF-ADA4-42B3-9801-DB1F38104458}.Release|Any CPU.Build.0 = Release|Any CPU
		{29A98051-9D0D-43F4-9ECC-443DF13D7E57}.Debug|Any CPU.ActiveCfg = Debug|Any CPU
		{29A98051-9D0D-43F4-9ECC-443DF13D7E57}.Debug|Any CPU.Build.0 = Debug|Any CPU
		{29A98051-9D0D-43F4-9ECC-443DF13D7E57}.Release|Any CPU.ActiveCfg = Release|Any CPU
		{29A98051-9D0D-43F4-9ECC-443DF13D7E57}.Release|Any CPU.Build.0 = Release|Any CPU
		{0ABAA1C7-2AB6-4DA4-9EAC-CD7DD109DB5B}.Debug|Any CPU.ActiveCfg = Debug|Any CPU
		{0ABAA1C7-2AB6-4DA4-9EAC-CD7DD109DB5B}.Debug|Any CPU.Build.0 = Debug|Any CPU
		{0ABAA1C7-2AB6-4DA4-9EAC-CD7DD109DB5B}.Release|Any CPU.ActiveCfg = Release|Any CPU
		{0ABAA1C7-2AB6-4DA4-9EAC-CD7DD109DB5B}.Release|Any CPU.Build.0 = Release|Any CPU
	EndGlobalSection
	GlobalSection(SolutionProperties) = preSolution
		HideSolutionNode = FALSE
	EndGlobalSection
	GlobalSection(ExtensibilityGlobals) = postSolution
		SolutionGuid = {3C10523E-7A57-4932-B8F3-51A6459A1A36}
	EndGlobalSection
EndGlobal
